
Microsoft Visual Studio Solution File, Format Version 12.00
# Visual Studio Version 17
VisualStudioVersion = 17.14.36414.22
MinimumVisualStudioVersion = 10.0.40219.1
Project("{FAE04EC0-301F-11D3-BF4B-00C04F79EFBC}") = "ITIprojectDb", "ITIprojectDb.csproj", "{BC0E3C32-973D-41BC-AB75-AC252A473FD1}"
EndProject
Global
	GlobalSection(SolutionConfigurationPlatforms) = preSolution
		Debug|Any CPU = Debug|Any CPU
		Release|Any CPU = Release|Any CPU
	EndGlobalSection
	GlobalSection(ProjectConfigurationPlatforms) = postSolution
		{BC0E3C32-973D-41BC-AB75-AC252A473FD1}.Debug|Any CPU.ActiveCfg = Debug|Any CPU
		{BC0E3C32-973D-41BC-AB75-AC252A473FD1}.Debug|Any CPU.Build.0 = Debug|Any CPU
		{BC0E3C32-973D-41BC-AB75-AC252A473FD1}.Release|Any CPU.ActiveCfg = Release|Any CPU
		{BC0E3C32-973D-41BC-AB75-AC252A473FD1}.Release|Any CPU.Build.0 = Release|Any CPU
	EndGlobalSection
	GlobalSection(SolutionProperties) = preSolution
		HideSolutionNode = FALSE
	EndGlobalSection
	GlobalSection(ExtensibilityGlobals) = postSolution
		SolutionGuid = {3EF5323C-9C01-423D-BB0E-D1F72CB4D5F8}
	EndGlobalSection
EndGlobal
